
Microsoft Visual Studio Solution File, Format Version 12.00
# Visual Studio Version 17
VisualStudioVersion = 17.1.32228.430
MinimumVisualStudioVersion = 10.0.40219.1
Project("{9A19103F-16F7-4668-BE54-9A1E7A4F7556}") = "api-gestiona", "api-gestiona.csproj", "{52EDD16C-B833-4618-9191-380BA69B96DE}"
EndProject
Project("{9A19103F-16F7-4668-BE54-9A1E7A4F7556}") = "api-ge.test", "..\api-ge.test\api-ge.test.csproj", "{2107A159-82B7-4C48-92BC-6A320E5EA8F2}"
EndProject
Global
	GlobalSection(SolutionConfigurationPlatforms) = preSolution
		Debug|Any CPU = Debug|Any CPU
		Release|Any CPU = Release|Any CPU
	EndGlobalSection
	GlobalSection(ProjectConfigurationPlatforms) = postSolution
		{52EDD16C-B833-4618-9191-380BA69B96DE}.Debug|Any CPU.ActiveCfg = Debug|Any CPU
		{52EDD16C-B833-4618-9191-380BA69B96DE}.Debug|Any CPU.Build.0 = Debug|Any CPU
		{52EDD16C-B833-4618-9191-380BA69B96DE}.Release|Any CPU.ActiveCfg = Release|Any CPU
		{52EDD16C-B833-4618-9191-380BA69B96DE}.Release|Any CPU.Build.0 = Release|Any CPU
		{2107A159-82B7-4C48-92BC-6A320E5EA8F2}.Debug|Any CPU.ActiveCfg = Debug|Any CPU
		{2107A159-82B7-4C48-92BC-6A320E5EA8F2}.Debug|Any CPU.Build.0 = Debug|Any CPU
		{2107A159-82B7-4C48-92BC-6A320E5EA8F2}.Release|Any CPU.ActiveCfg = Release|Any CPU
		{2107A159-82B7-4C48-92BC-6A320E5EA8F2}.Release|Any CPU.Build.0 = Release|Any CPU
	EndGlobalSection
	GlobalSection(SolutionProperties) = preSolution
		HideSolutionNode = FALSE
	EndGlobalSection
	GlobalSection(ExtensibilityGlobals) = postSolution
		SolutionGuid = {5F71F400-B5D6-4EBE-836B-DDBFB9F969D8}
	EndGlobalSection
EndGlobal
