
Microsoft Visual Studio Solution File, Format Version 12.00
# Visual Studio Version 17
VisualStudioVersion = 17.1.32414.318
MinimumVisualStudioVersion = 10.0.40219.1
Project("{9A19103F-16F7-4668-BE54-9A1E7A4F7556}") = "Web", "GE\Web.csproj", "{EDCA616D-A9F4-4EB0-A1FB-248C50128B22}"
EndProject
Project("{9A19103F-16F7-4668-BE54-9A1E7A4F7556}") = "GobEfi.ReportesDiarios", "GobEfi.ReportesDiarios\GobEfi.ReportesDiarios.csproj", "{F5F2A1FA-8B1B-4B01-835C-319C109C7E74}"
EndProject
Project("{2150E333-8FDC-42A3-9474-1A3956D46DE8}") = "0. Bibliotecas", "0. Bibliotecas", "{F183EE52-98D6-42CD-BDD7-FC2F1FB1F379}"
EndProject
Project("{2150E333-8FDC-42A3-9474-1A3956D46DE8}") = "ConsoleApp", "ConsoleApp", "{A50942FA-4968-4608-8F43-68BCC94D8982}"
EndProject
Project("{2150E333-8FDC-42A3-9474-1A3956D46DE8}") = "Tests", "Tests", "{19EF7F2B-A72C-4788-892A-850D18D747C7}"
EndProject
Project("{9A19103F-16F7-4668-BE54-9A1E7A4F7556}") = "GobEfi.Business.Security", "GobEfi.Business.Security\GobEfi.Business.Security.csproj", "{274BB59D-E7FB-47C5-A2B0-BEFBC69ACA4E}"
EndProject
Project("{9A19103F-16F7-4668-BE54-9A1E7A4F7556}") = "GobEfi.Core", "GobEfi.Core\GobEfi.Core.csproj", "{7718849C-04E3-4BB1-8539-E6E8F53145FB}"
EndProject
Project("{9A19103F-16F7-4668-BE54-9A1E7A4F7556}") = "GobEfi.Infrastructure", "GobEfi.Infrastructure\GobEfi.Infrastructure.csproj", "{37BA420D-D5C9-4A6F-9B7C-29DB10D2C9B4}"
EndProject
Project("{2150E333-8FDC-42A3-9474-1A3956D46DE8}") = "1. Presentacion", "1. Presentacion", "{2074D2EE-C2BE-4941-B066-5F0CD47073B9}"
EndProject
Project("{2150E333-8FDC-42A3-9474-1A3956D46DE8}") = "2. Core", "2. Core", "{D5FE5ED1-59CF-43D8-A23E-5C9711821D83}"
EndProject
Project("{2150E333-8FDC-42A3-9474-1A3956D46DE8}") = "3. Infraestructura", "3. Infraestructura", "{45270500-5512-47EE-9A66-CBC01FAD38C5}"
EndProject
Project("{9A19103F-16F7-4668-BE54-9A1E7A4F7556}") = "GobEfi.Business.Registro", "GobEfi.Business.Registro\GobEfi.Business.Registro.csproj", "{B1BF7E82-E4D8-4A93-BFB8-030786F45CC7}"
EndProject
Project("{9A19103F-16F7-4668-BE54-9A1E7A4F7556}") = "GobEfi.Business.Validaciones", "GobEfi.Business.Validaciones\GobEfi.Business.Validaciones.csproj", "{303B5AC5-397E-4F0C-B475-D6CC0D88611D}"
EndProject
Project("{9A19103F-16F7-4668-BE54-9A1E7A4F7556}") = "MainLayout", "MainLayout\MainLayout.csproj", "{1661B678-C69A-45A3-A412-9C274510035B}"
EndProject
Project("{2150E333-8FDC-42A3-9474-1A3956D46DE8}") = "4.Services", "4.Services", "{FF1BFD49-9A9B-4257-A74B-07E6F3D6A138}"
EndProject
Project("{2150E333-8FDC-42A3-9474-1A3956D46DE8}") = "5.Shared", "5.Shared", "{D715A384-6A4B-43BE-99CD-E0B370CDFF8D}"
EndProject
Project("{9A19103F-16F7-4668-BE54-9A1E7A4F7556}") = "GobEfi.Shared", "GobEfi.Shared\GobEfi.Shared.csproj", "{67B2199C-EE62-4971-A263-B1F6400D7D05}"
EndProject
Project("{9A19103F-16F7-4668-BE54-9A1E7A4F7556}") = "GobEfi.Services", "GobEfi.Services\GobEfi.Services.csproj", "{0A965615-056F-42BA-8587-93C2CE825668}"
EndProject
Project("{9A19103F-16F7-4668-BE54-9A1E7A4F7556}") = "GobEfi.Test", "GobEfi.Test\GobEfi.Test.csproj", "{35EFB751-0495-4705-A509-E41D39C818B3}"
EndProject
Project("{2150E333-8FDC-42A3-9474-1A3956D46DE8}") = "GobEfiApiux", "GobEfiApiux", "{763DB920-3441-4920-9B92-5B0D9C0318BF}"
EndProject
Project("{9A19103F-16F7-4668-BE54-9A1E7A4F7556}") = "OrquestadorGesp", "GobEfi.OrquestadorGesp\OrquestadorGesp.csproj", "{E503C40B-6781-480E-B1F6-71D6B0789839}"
EndProject
Project("{2150E333-8FDC-42A3-9474-1A3956D46DE8}") = "6.FlotaVehicularAPI", "6.FlotaVehicularAPI", "{575E50FE-D2E6-42EC-8622-6C63A56981F8}"
EndProject
Project("{9A19103F-16F7-4668-BE54-9A1E7A4F7556}") = "GobEfi.FV.API", "GobEfi.FV.API\GobEfi.FV.API.csproj", "{98FF4D95-F832-4889-A3A7-A88D03594689}"
EndProject
Project("{9A19103F-16F7-4668-BE54-9A1E7A4F7556}") = "GobEfi.ServicesV2_1", "GobEfi.ServicesV2_1\GobEfi.ServicesV2_1.csproj", "{AC4013F0-4E4C-4B5C-A3BC-E9DA5EFC3A9D}"
EndProject
Project("{9A19103F-16F7-4668-BE54-9A1E7A4F7556}") = "GobEfi.FV.Demon", "GobEfi.FV.Demon\GobEfi.FV.Demon.csproj", "{C4E80F4B-C827-4C27-8320-40D4243C9C88}"
EndProject
Project("{9A19103F-16F7-4668-BE54-9A1E7A4F7556}") = "GobEfi.FV.Shared", "GobEfi.FV.Shared\GobEfi.FV.Shared.csproj", "{1E687EF4-BBF3-4A41-8038-E25A57542653}"
EndProject
Global
	GlobalSection(SolutionConfigurationPlatforms) = preSolution
		Debug|Any CPU = Debug|Any CPU
		Release|Any CPU = Release|Any CPU
	EndGlobalSection
	GlobalSection(ProjectConfigurationPlatforms) = postSolution
		{EDCA616D-A9F4-4EB0-A1FB-248C50128B22}.Debug|Any CPU.ActiveCfg = Debug|Any CPU
		{EDCA616D-A9F4-4EB0-A1FB-248C50128B22}.Debug|Any CPU.Build.0 = Debug|Any CPU
		{EDCA616D-A9F4-4EB0-A1FB-248C50128B22}.Release|Any CPU.ActiveCfg = Release|Any CPU
		{EDCA616D-A9F4-4EB0-A1FB-248C50128B22}.Release|Any CPU.Build.0 = Release|Any CPU
		{F5F2A1FA-8B1B-4B01-835C-319C109C7E74}.Debug|Any CPU.ActiveCfg = Debug|Any CPU
		{F5F2A1FA-8B1B-4B01-835C-319C109C7E74}.Debug|Any CPU.Build.0 = Debug|Any CPU
		{F5F2A1FA-8B1B-4B01-835C-319C109C7E74}.Release|Any CPU.ActiveCfg = Release|Any CPU
		{F5F2A1FA-8B1B-4B01-835C-319C109C7E74}.Release|Any CPU.Build.0 = Release|Any CPU
		{274BB59D-E7FB-47C5-A2B0-BEFBC69ACA4E}.Debug|Any CPU.ActiveCfg = Debug|Any CPU
		{274BB59D-E7FB-47C5-A2B0-BEFBC69ACA4E}.Debug|Any CPU.Build.0 = Debug|Any CPU
		{274BB59D-E7FB-47C5-A2B0-BEFBC69ACA4E}.Release|Any CPU.ActiveCfg = Release|Any CPU
		{274BB59D-E7FB-47C5-A2B0-BEFBC69ACA4E}.Release|Any CPU.Build.0 = Release|Any CPU
		{7718849C-04E3-4BB1-8539-E6E8F53145FB}.Debug|Any CPU.ActiveCfg = Debug|Any CPU
		{7718849C-04E3-4BB1-8539-E6E8F53145FB}.Debug|Any CPU.Build.0 = Debug|Any CPU
		{7718849C-04E3-4BB1-8539-E6E8F53145FB}.Release|Any CPU.ActiveCfg = Release|Any CPU
		{7718849C-04E3-4BB1-8539-E6E8F53145FB}.Release|Any CPU.Build.0 = Release|Any CPU
		{37BA420D-D5C9-4A6F-9B7C-29DB10D2C9B4}.Debug|Any CPU.ActiveCfg = Debug|Any CPU
		{37BA420D-D5C9-4A6F-9B7C-29DB10D2C9B4}.Debug|Any CPU.Build.0 = Debug|Any CPU
		{37BA420D-D5C9-4A6F-9B7C-29DB10D2C9B4}.Release|Any CPU.ActiveCfg = Release|Any CPU
		{37BA420D-D5C9-4A6F-9B7C-29DB10D2C9B4}.Release|Any CPU.Build.0 = Release|Any CPU
		{B1BF7E82-E4D8-4A93-BFB8-030786F45CC7}.Debug|Any CPU.ActiveCfg = Debug|Any CPU
		{B1BF7E82-E4D8-4A93-BFB8-030786F45CC7}.Debug|Any CPU.Build.0 = Debug|Any CPU
		{B1BF7E82-E4D8-4A93-BFB8-030786F45CC7}.Release|Any CPU.ActiveCfg = Release|Any CPU
		{B1BF7E82-E4D8-4A93-BFB8-030786F45CC7}.Release|Any CPU.Build.0 = Release|Any CPU
		{303B5AC5-397E-4F0C-B475-D6CC0D88611D}.Debug|Any CPU.ActiveCfg = Debug|Any CPU
		{303B5AC5-397E-4F0C-B475-D6CC0D88611D}.Debug|Any CPU.Build.0 = Debug|Any CPU
		{303B5AC5-397E-4F0C-B475-D6CC0D88611D}.Release|Any CPU.ActiveCfg = Release|Any CPU
		{303B5AC5-397E-4F0C-B475-D6CC0D88611D}.Release|Any CPU.Build.0 = Release|Any CPU
		{1661B678-C69A-45A3-A412-9C274510035B}.Debug|Any CPU.ActiveCfg = Debug|Any CPU
		{1661B678-C69A-45A3-A412-9C274510035B}.Debug|Any CPU.Build.0 = Debug|Any CPU
		{1661B678-C69A-45A3-A412-9C274510035B}.Release|Any CPU.ActiveCfg = Release|Any CPU
		{1661B678-C69A-45A3-A412-9C274510035B}.Release|Any CPU.Build.0 = Release|Any CPU
		{67B2199C-EE62-4971-A263-B1F6400D7D05}.Debug|Any CPU.ActiveCfg = Debug|Any CPU
		{67B2199C-EE62-4971-A263-B1F6400D7D05}.Debug|Any CPU.Build.0 = Debug|Any CPU
		{67B2199C-EE62-4971-A263-B1F6400D7D05}.Release|Any CPU.ActiveCfg = Release|Any CPU
		{67B2199C-EE62-4971-A263-B1F6400D7D05}.Release|Any CPU.Build.0 = Release|Any CPU
		{0A965615-056F-42BA-8587-93C2CE825668}.Debug|Any CPU.ActiveCfg = Debug|Any CPU
		{0A965615-056F-42BA-8587-93C2CE825668}.Debug|Any CPU.Build.0 = Debug|Any CPU
		{0A965615-056F-42BA-8587-93C2CE825668}.Release|Any CPU.ActiveCfg = Release|Any CPU
		{0A965615-056F-42BA-8587-93C2CE825668}.Release|Any CPU.Build.0 = Release|Any CPU
		{35EFB751-0495-4705-A509-E41D39C818B3}.Debug|Any CPU.ActiveCfg = Debug|Any CPU
		{35EFB751-0495-4705-A509-E41D39C818B3}.Debug|Any CPU.Build.0 = Debug|Any CPU
		{35EFB751-0495-4705-A509-E41D39C818B3}.Release|Any CPU.ActiveCfg = Release|Any CPU
		{35EFB751-0495-4705-A509-E41D39C818B3}.Release|Any CPU.Build.0 = Release|Any CPU
		{E503C40B-6781-480E-B1F6-71D6B0789839}.Debug|Any CPU.ActiveCfg = Debug|Any CPU
		{E503C40B-6781-480E-B1F6-71D6B0789839}.Debug|Any CPU.Build.0 = Debug|Any CPU
		{E503C40B-6781-480E-B1F6-71D6B0789839}.Release|Any CPU.ActiveCfg = Release|Any CPU
		{E503C40B-6781-480E-B1F6-71D6B0789839}.Release|Any CPU.Build.0 = Release|Any CPU
		{98FF4D95-F832-4889-A3A7-A88D03594689}.Debug|Any CPU.ActiveCfg = Debug|Any CPU
		{98FF4D95-F832-4889-A3A7-A88D03594689}.Debug|Any CPU.Build.0 = Debug|Any CPU
		{98FF4D95-F832-4889-A3A7-A88D03594689}.Release|Any CPU.ActiveCfg = Release|Any CPU
		{98FF4D95-F832-4889-A3A7-A88D03594689}.Release|Any CPU.Build.0 = Release|Any CPU
		{AC4013F0-4E4C-4B5C-A3BC-E9DA5EFC3A9D}.Debug|Any CPU.ActiveCfg = Debug|Any CPU
		{AC4013F0-4E4C-4B5C-A3BC-E9DA5EFC3A9D}.Debug|Any CPU.Build.0 = Debug|Any CPU
		{AC4013F0-4E4C-4B5C-A3BC-E9DA5EFC3A9D}.Release|Any CPU.ActiveCfg = Release|Any CPU
		{AC4013F0-4E4C-4B5C-A3BC-E9DA5EFC3A9D}.Release|Any CPU.Build.0 = Release|Any CPU
		{C4E80F4B-C827-4C27-8320-40D4243C9C88}.Debug|Any CPU.ActiveCfg = Debug|Any CPU
		{C4E80F4B-C827-4C27-8320-40D4243C9C88}.Debug|Any CPU.Build.0 = Debug|Any CPU
		{C4E80F4B-C827-4C27-8320-40D4243C9C88}.Release|Any CPU.ActiveCfg = Release|Any CPU
		{C4E80F4B-C827-4C27-8320-40D4243C9C88}.Release|Any CPU.Build.0 = Release|Any CPU
		{1E687EF4-BBF3-4A41-8038-E25A57542653}.Debug|Any CPU.ActiveCfg = Debug|Any CPU
		{1E687EF4-BBF3-4A41-8038-E25A57542653}.Debug|Any CPU.Build.0 = Debug|Any CPU
		{1E687EF4-BBF3-4A41-8038-E25A57542653}.Release|Any CPU.ActiveCfg = Release|Any CPU
		{1E687EF4-BBF3-4A41-8038-E25A57542653}.Release|Any CPU.Build.0 = Release|Any CPU
	EndGlobalSection
	GlobalSection(SolutionProperties) = preSolution
		HideSolutionNode = FALSE
	EndGlobalSection
	GlobalSection(NestedProjects) = preSolution
		{EDCA616D-A9F4-4EB0-A1FB-248C50128B22} = {2074D2EE-C2BE-4941-B066-5F0CD47073B9}
		{F5F2A1FA-8B1B-4B01-835C-319C109C7E74} = {A50942FA-4968-4608-8F43-68BCC94D8982}
		{274BB59D-E7FB-47C5-A2B0-BEFBC69ACA4E} = {F183EE52-98D6-42CD-BDD7-FC2F1FB1F379}
		{7718849C-04E3-4BB1-8539-E6E8F53145FB} = {D5FE5ED1-59CF-43D8-A23E-5C9711821D83}
		{37BA420D-D5C9-4A6F-9B7C-29DB10D2C9B4} = {45270500-5512-47EE-9A66-CBC01FAD38C5}
		{B1BF7E82-E4D8-4A93-BFB8-030786F45CC7} = {F183EE52-98D6-42CD-BDD7-FC2F1FB1F379}
		{303B5AC5-397E-4F0C-B475-D6CC0D88611D} = {F183EE52-98D6-42CD-BDD7-FC2F1FB1F379}
		{1661B678-C69A-45A3-A412-9C274510035B} = {2074D2EE-C2BE-4941-B066-5F0CD47073B9}
		{67B2199C-EE62-4971-A263-B1F6400D7D05} = {D715A384-6A4B-43BE-99CD-E0B370CDFF8D}
		{0A965615-056F-42BA-8587-93C2CE825668} = {FF1BFD49-9A9B-4257-A74B-07E6F3D6A138}
		{35EFB751-0495-4705-A509-E41D39C818B3} = {19EF7F2B-A72C-4788-892A-850D18D747C7}
		{E503C40B-6781-480E-B1F6-71D6B0789839} = {A50942FA-4968-4608-8F43-68BCC94D8982}
		{98FF4D95-F832-4889-A3A7-A88D03594689} = {575E50FE-D2E6-42EC-8622-6C63A56981F8}
		{AC4013F0-4E4C-4B5C-A3BC-E9DA5EFC3A9D} = {FF1BFD49-9A9B-4257-A74B-07E6F3D6A138}
		{C4E80F4B-C827-4C27-8320-40D4243C9C88} = {575E50FE-D2E6-42EC-8622-6C63A56981F8}
		{1E687EF4-BBF3-4A41-8038-E25A57542653} = {575E50FE-D2E6-42EC-8622-6C63A56981F8}
	EndGlobalSection
	GlobalSection(ExtensibilityGlobals) = postSolution
		SolutionGuid = {94A7A20E-EB54-4F95-8ADA-A108BCF86C6F}
	EndGlobalSection
EndGlobal
