{
  "requires": true,
  "lockfileVersion": 1,
  "dependencies": {
    "@turf/helpers": {
      "version": "6.1.4",
      "resolved": "https://registry.npmjs.org/@turf/helpers/-/helpers-6.1.4.tgz",
      "integrity": "sha512-vJvrdOZy1ngC7r3MDA7zIGSoIgyrkWcGnNIEaqn/APmw+bVLF2gAW7HIsdTxd12s5wQMqEpqIQrmrbRRZ0xC7g=="
    },
    "angular": {
      "version": "1.7.8",
      "resolved": "https://registry.npmjs.org/angular/-/angular-1.7.8.tgz",
      "integrity": "sha512-wtef/y4COxM7ZVhddd7JtAAhyYObq9YXKar9tsW7558BImeVYteJiTxCKeJOL45lJ/+7B4wrAC49j8gTFYEthg=="
    },
    "angular-material": {
      "version": "1.1.19",
      "resolved": "https://registry.npmjs.org/angular-material/-/angular-material-1.1.19.tgz",
      "integrity": "sha512-R46TfnVsAkhRDcsbrFR5DB+Ja4LpPGugAQDHYItcvLYCIkVMf07cIx1q6WyFPiZQVwz3j+ECMveqsjX+jEUrgg=="
    },
    "md-steppers": {
      "version": "0.4.1",
      "resolved": "https://registry.npmjs.org/md-steppers/-/md-steppers-0.4.1.tgz",
      "integrity": "sha512-P0HIHYNQeSwoV4ZrWQSSrMs0YsxbgvWqBxn3vgfE0OjTPYa3bOocDo1hLfdvccBliHY/a3OVb6ahlo4ZGBWpvQ==",
      "requires": {
        "angular": "^1.4.8",
        "angular-material": "^1.0.9"
      }
    }
  }
}
